{
  "name": "notes",
  "lockfileVersion": 2,
  "requires": true,
  "packages": {
    "": {
      "dependencies": {
        "valtio-history": "^0.1.0"
      }
    },
    "node_modules/derive-valtio": {
      "version": "0.1.0",
      "resolved": "https://registry.npmjs.org/derive-valtio/-/derive-valtio-0.1.0.tgz",
      "integrity": "sha512-OCg2UsLbXK7GmmpzMXhYkdO64vhJ1ROUUGaTFyHjVwEdMEcTTRj7W1TxLbSBxdY8QLBPCcp66MTyaSy0RpO17A==",
      "peer": true,
      "peerDependencies": {
        "valtio": "*"
      }
    },
    "node_modules/js-tokens": {
      "version": "4.0.0",
      "resolved": "https://registry.npmjs.org/js-tokens/-/js-tokens-4.0.0.tgz",
      "integrity": "sha512-RdJUflcE3cUzKiMqQgsCu06FPu9UdIJO0beYbPhHN4k6apgJtifcoCtT9bcxOpYBtpD2kCM6Sbzg4CausW/PKQ==",
      "peer": true
    },
    "node_modules/loose-envify": {
      "version": "1.4.0",
      "resolved": "https://registry.npmjs.org/loose-envify/-/loose-envify-1.4.0.tgz",
      "integrity": "sha512-lyuxPGr/Wfhrlem2CL/UcnUc1zcqKAImBDzukY7Y5F/yQiNdko6+fRLevlw1HgMySw7f611UIY408EtxRSoK3Q==",
      "peer": true,
      "dependencies": {
        "js-tokens": "^3.0.0 || ^4.0.0"
      },
      "bin": {
        "loose-envify": "cli.js"
      }
    },
    "node_modules/proxy-compare": {
      "version": "2.5.1",
      "resolved": "https://registry.npmjs.org/proxy-compare/-/proxy-compare-2.5.1.tgz",
      "integrity": "sha512-oyfc0Tx87Cpwva5ZXezSp5V9vht1c7dZBhvuV/y3ctkgMVUmiAGDVeeB0dKhGSyT0v1ZTEQYpe/RXlBVBNuCLA==",
      "peer": true
    },
    "node_modules/react": {
      "version": "18.2.0",
      "resolved": "https://registry.npmjs.org/react/-/react-18.2.0.tgz",
      "integrity": "sha512-/3IjMdb2L9QbBdWiW5e3P2/npwMBaU9mHCSCUzNln0ZCYbcfTsGbTJrU/kGemdH2IWmB2ioZ+zkxtmq6g09fGQ==",
      "peer": true,
      "dependencies": {
        "loose-envify": "^1.1.0"
      },
      "engines": {
        "node": ">=0.10.0"
      }
    },
    "node_modules/tslib": {
      "version": "2.6.2",
      "resolved": "https://registry.npmjs.org/tslib/-/tslib-2.6.2.tgz",
      "integrity": "sha512-AEYxH93jGFPn/a2iVAwW87VuUIkR1FVUKB77NwMF7nBTDkDrrT/Hpt/IrCJ0QXhW27jTBDcf5ZY7w6RiqTMw2Q==",
      "license": "0BSD"
    },
    "node_modules/use-sync-external-store": {
      "version": "1.2.0",
      "resolved": "https://registry.npmjs.org/use-sync-external-store/-/use-sync-external-store-1.2.0.tgz",
      "integrity": "sha512-eEgnFxGQ1Ife9bzYs6VLi8/4X6CObHMw9Qr9tPY43iKwsPw8xE8+EFsf/2cFZ5S3esXgpWgtSCtLNS41F+sKPA==",
      "peer": true,
      "peerDependencies": {
        "react": "^16.8.0 || ^17.0.0 || ^18.0.0"
      }
    },
    "node_modules/valtio": {
      "version": "1.13.0",
      "resolved": "https://registry.npmjs.org/valtio/-/valtio-1.13.0.tgz",
      "integrity": "sha512-s2VkxxFyaJwjpIheJonRa/34HWS1EpsEjw9OW9l3j8G4cbIw7lruspOjyv+z2o4BrGx351BH+VWb8sZHkrlyYA==",
      "peer": true,
      "dependencies": {
        "derive-valtio": "0.1.0",
        "proxy-compare": "2.5.1",
        "use-sync-external-store": "1.2.0"
      },
      "engines": {
        "node": ">=12.20.0"
      },
      "peerDependencies": {
        "@types/react": ">=16.8",
        "react": ">=16.8"
      },
      "peerDependenciesMeta": {
        "@types/react": {
          "optional": true
        },
        "react": {
          "optional": true
        }
      }
    },
    "node_modules/valtio-history": {
      "version": "0.1.0",
      "resolved": "https://registry.npmjs.org/valtio-history/-/valtio-history-0.1.0.tgz",
      "integrity": "sha512-Qk9xNDxYHtdNcf7TSoiqNDPYJuNnmEd3DYWs3x+6EI6jAlCTKYcAhEjx222yyRHi18ytRiyWXleTr9Sx3sEzCA==",
      "dependencies": {
        "tslib": "^2.3.0"
      },
      "peerDependencies": {
        "valtio": ">=1.0.0"
      }
    }
  },
  "dependencies": {
    "derive-valtio": {
      "version": "0.1.0",
      "resolved": "https://registry.npmjs.org/derive-valtio/-/derive-valtio-0.1.0.tgz",
      "integrity": "sha512-OCg2UsLbXK7GmmpzMXhYkdO64vhJ1ROUUGaTFyHjVwEdMEcTTRj7W1TxLbSBxdY8QLBPCcp66MTyaSy0RpO17A==",
      "peer": true,
      "requires": {}
    },
    "js-tokens": {
      "version": "4.0.0",
      "resolved": "https://registry.npmjs.org/js-tokens/-/js-tokens-4.0.0.tgz",
      "integrity": "sha512-RdJUflcE3cUzKiMqQgsCu06FPu9UdIJO0beYbPhHN4k6apgJtifcoCtT9bcxOpYBtpD2kCM6Sbzg4CausW/PKQ==",
      "peer": true
    },
    "loose-envify": {
      "version": "1.4.0",
      "resolved": "https://registry.npmjs.org/loose-envify/-/loose-envify-1.4.0.tgz",
      "integrity": "sha512-lyuxPGr/Wfhrlem2CL/UcnUc1zcqKAImBDzukY7Y5F/yQiNdko6+fRLevlw1HgMySw7f611UIY408EtxRSoK3Q==",
      "peer": true,
      "requires": {
        "js-tokens": "^3.0.0 || ^4.0.0"
      }
    },
    "proxy-compare": {
      "version": "2.5.1",
      "resolved": "https://registry.npmjs.org/proxy-compare/-/proxy-compare-2.5.1.tgz",
      "integrity": "sha512-oyfc0Tx87Cpwva5ZXezSp5V9vht1c7dZBhvuV/y3ctkgMVUmiAGDVeeB0dKhGSyT0v1ZTEQYpe/RXlBVBNuCLA==",
      "peer": true
    },
    "react": {
      "version": "18.2.0",
      "resolved": "https://registry.npmjs.org/react/-/react-18.2.0.tgz",
      "integrity": "sha512-/3IjMdb2L9QbBdWiW5e3P2/npwMBaU9mHCSCUzNln0ZCYbcfTsGbTJrU/kGemdH2IWmB2ioZ+zkxtmq6g09fGQ==",
      "peer": true,
      "requires": {
        "loose-envify": "^1.1.0"
      }
    },
    "tslib": {
      "version": "2.6.2",
      "resolved": "https://registry.npmjs.org/tslib/-/tslib-2.6.2.tgz",
      "integrity": "sha512-AEYxH93jGFPn/a2iVAwW87VuUIkR1FVUKB77NwMF7nBTDkDrrT/Hpt/IrCJ0QXhW27jTBDcf5ZY7w6RiqTMw2Q=="
    },
    "use-sync-external-store": {
      "version": "1.2.0",
      "resolved": "https://registry.npmjs.org/use-sync-external-store/-/use-sync-external-store-1.2.0.tgz",
      "integrity": "sha512-eEgnFxGQ1Ife9bzYs6VLi8/4X6CObHMw9Qr9tPY43iKwsPw8xE8+EFsf/2cFZ5S3esXgpWgtSCtLNS41F+sKPA==",
      "peer": true,
      "requires": {}
    },
    "valtio": {
      "version": "1.13.0",
      "resolved": "https://registry.npmjs.org/valtio/-/valtio-1.13.0.tgz",
      "integrity": "sha512-s2VkxxFyaJwjpIheJonRa/34HWS1EpsEjw9OW9l3j8G4cbIw7lruspOjyv+z2o4BrGx351BH+VWb8sZHkrlyYA==",
      "peer": true,
      "requires": {
        "derive-valtio": "0.1.0",
        "proxy-compare": "2.5.1",
        "use-sync-external-store": "1.2.0"
      }
    },
    "valtio-history": {
      "version": "0.1.0",
      "resolved": "https://registry.npmjs.org/valtio-history/-/valtio-history-0.1.0.tgz",
      "integrity": "sha512-Qk9xNDxYHtdNcf7TSoiqNDPYJuNnmEd3DYWs3x+6EI6jAlCTKYcAhEjx222yyRHi18ytRiyWXleTr9Sx3sEzCA==",
      "requires": {
        "tslib": "^2.3.0"
      }
    }
  }
}
