# THIS IS AN AUTOGENERATED FILE. DO NOT EDIT THIS FILE DIRECTLY.
# yarn lockfile v1


"derive-valtio@0.1.0":
  "integrity" "sha512-OCg2UsLbXK7GmmpzMXhYkdO64vhJ1ROUUGaTFyHjVwEdMEcTTRj7W1TxLbSBxdY8QLBPCcp66MTyaSy0RpO17A=="
  "resolved" "https://registry.npmjs.org/derive-valtio/-/derive-valtio-0.1.0.tgz"
  "version" "0.1.0"

"js-tokens@^3.0.0 || ^4.0.0":
  "integrity" "sha512-RdJUflcE3cUzKiMqQgsCu06FPu9UdIJO0beYbPhHN4k6apgJtifcoCtT9bcxOpYBtpD2kCM6Sbzg4CausW/PKQ=="
  "resolved" "https://registry.npmjs.org/js-tokens/-/js-tokens-4.0.0.tgz"
  "version" "4.0.0"

"loose-envify@^1.1.0":
  "integrity" "sha512-lyuxPGr/Wfhrlem2CL/UcnUc1zcqKAImBDzukY7Y5F/yQiNdko6+fRLevlw1HgMySw7f611UIY408EtxRSoK3Q=="
  "resolved" "https://registry.npmjs.org/loose-envify/-/loose-envify-1.4.0.tgz"
  "version" "1.4.0"
  dependencies:
    "js-tokens" "^3.0.0 || ^4.0.0"

"proxy-compare@2.5.1":
  "integrity" "sha512-oyfc0Tx87Cpwva5ZXezSp5V9vht1c7dZBhvuV/y3ctkgMVUmiAGDVeeB0dKhGSyT0v1ZTEQYpe/RXlBVBNuCLA=="
  "resolved" "https://registry.npmjs.org/proxy-compare/-/proxy-compare-2.5.1.tgz"
  "version" "2.5.1"

"react@^16.8.0 || ^17.0.0 || ^18.0.0", "react@>=16.8":
  "integrity" "sha512-/3IjMdb2L9QbBdWiW5e3P2/npwMBaU9mHCSCUzNln0ZCYbcfTsGbTJrU/kGemdH2IWmB2ioZ+zkxtmq6g09fGQ=="
  "resolved" "https://registry.npmjs.org/react/-/react-18.2.0.tgz"
  "version" "18.2.0"
  dependencies:
    "loose-envify" "^1.1.0"

"tslib@^2.3.0":
  "integrity" "sha512-AEYxH93jGFPn/a2iVAwW87VuUIkR1FVUKB77NwMF7nBTDkDrrT/Hpt/IrCJ0QXhW27jTBDcf5ZY7w6RiqTMw2Q=="
  "resolved" "https://registry.npmjs.org/tslib/-/tslib-2.6.2.tgz"
  "version" "2.6.2"

"use-sync-external-store@1.2.0":
  "integrity" "sha512-eEgnFxGQ1Ife9bzYs6VLi8/4X6CObHMw9Qr9tPY43iKwsPw8xE8+EFsf/2cFZ5S3esXgpWgtSCtLNS41F+sKPA=="
  "resolved" "https://registry.npmjs.org/use-sync-external-store/-/use-sync-external-store-1.2.0.tgz"
  "version" "1.2.0"

"valtio-history@^0.1.0":
  "integrity" "sha512-Qk9xNDxYHtdNcf7TSoiqNDPYJuNnmEd3DYWs3x+6EI6jAlCTKYcAhEjx222yyRHi18ytRiyWXleTr9Sx3sEzCA=="
  "resolved" "https://registry.npmjs.org/valtio-history/-/valtio-history-0.1.0.tgz"
  "version" "0.1.0"
  dependencies:
    "tslib" "^2.3.0"

"valtio@*", "valtio@>=1.0.0":
  "integrity" "sha512-s2VkxxFyaJwjpIheJonRa/34HWS1EpsEjw9OW9l3j8G4cbIw7lruspOjyv+z2o4BrGx351BH+VWb8sZHkrlyYA=="
  "resolved" "https://registry.npmjs.org/valtio/-/valtio-1.13.0.tgz"
  "version" "1.13.0"
  dependencies:
    "derive-valtio" "0.1.0"
    "proxy-compare" "2.5.1"
    "use-sync-external-store" "1.2.0"
